
Microsoft Visual Studio Solution File, Format Version 12.00
# Visual Studio Version 17
VisualStudioVersion = 17.14.36603.0 d17.14
MinimumVisualStudioVersion = 10.0.40219.1
Project("{FAE04EC0-301F-11D3-BF4B-00C04F79EFBC}") = "WindowsFormsApp1", "WindowsFormsApp1\WindowsFormsApp1.csproj", "{7E11E491-E656-4C2C-8898-24CCABA7F70F}"
EndProject
Global
	GlobalSection(SolutionConfigurationPlatforms) = preSolution
		Debug|Any CPU = Debug|Any CPU
		Release|Any CPU = Release|Any CPU
	EndGlobalSection
	GlobalSection(ProjectConfigurationPlatforms) = postSolution
		{7E11E491-E656-4C2C-8898-24CCABA7F70F}.Debug|Any CPU.ActiveCfg = Debug|Any CPU
		{7E11E491-E656-4C2C-8898-24CCABA7F70F}.Debug|Any CPU.Build.0 = Debug|Any CPU
		{7E11E491-E656-4C2C-8898-24CCABA7F70F}.Release|Any CPU.ActiveCfg = Release|Any CPU
		{7E11E491-E656-4C2C-8898-24CCABA7F70F}.Release|Any CPU.Build.0 = Release|Any CPU
	EndGlobalSection
	GlobalSection(SolutionProperties) = preSolution
		HideSolutionNode = FALSE
	EndGlobalSection
	GlobalSection(ExtensibilityGlobals) = postSolution
		SolutionGuid = {E2E50E17-825B-41F3-ADBF-27884DFFF800}
	EndGlobalSection
EndGlobal
